
Microsoft Visual Studio Solution File, Format Version 12.00
# Visual Studio 15
VisualStudioVersion = 15.0.28307.438
MinimumVisualStudioVersion = 10.0.40219.1
Project("{FAE04EC0-301F-11D3-BF4B-00C04F79EFBC}") = "k-means", "k-means.csproj", "{7AFA6FCD-C7DD-4609-8EC4-4EDF7D6C171C}"
EndProject
Project("{FAE04EC0-301F-11D3-BF4B-00C04F79EFBC}") = "NUnitTestProject1", "..\NUnitTestProject1\NUnitTestProject1.csproj", "{E450A1B4-9B39-4C24-A79D-034F9FB7E821}"
EndProject
Global
	GlobalSection(SolutionConfigurationPlatforms) = preSolution
		Debug|Any CPU = Debug|Any CPU
		Release|Any CPU = Release|Any CPU
	EndGlobalSection
	GlobalSection(ProjectConfigurationPlatforms) = postSolution
		{7AFA6FCD-C7DD-4609-8EC4-4EDF7D6C171C}.Debug|Any CPU.ActiveCfg = Debug|Any CPU
		{7AFA6FCD-C7DD-4609-8EC4-4EDF7D6C171C}.Debug|Any CPU.Build.0 = Debug|Any CPU
		{7AFA6FCD-C7DD-4609-8EC4-4EDF7D6C171C}.Release|Any CPU.ActiveCfg = Release|Any CPU
		{7AFA6FCD-C7DD-4609-8EC4-4EDF7D6C171C}.Release|Any CPU.Build.0 = Release|Any CPU
		{E450A1B4-9B39-4C24-A79D-034F9FB7E821}.Debug|Any CPU.ActiveCfg = Debug|Any CPU
		{E450A1B4-9B39-4C24-A79D-034F9FB7E821}.Debug|Any CPU.Build.0 = Debug|Any CPU
		{E450A1B4-9B39-4C24-A79D-034F9FB7E821}.Release|Any CPU.ActiveCfg = Release|Any CPU
		{E450A1B4-9B39-4C24-A79D-034F9FB7E821}.Release|Any CPU.Build.0 = Release|Any CPU
	EndGlobalSection
	GlobalSection(SolutionProperties) = preSolution
		HideSolutionNode = FALSE
	EndGlobalSection
	GlobalSection(ExtensibilityGlobals) = postSolution
		SolutionGuid = {882C26EB-6C2B-4E18-BB05-BBB077EFA391}
	EndGlobalSection
EndGlobal
