
Microsoft Visual Studio Solution File, Format Version 12.00
# Visual Studio 15
VisualStudioVersion = 15.0.28307.329
MinimumVisualStudioVersion = 10.0.40219.1
Project("{FAE04EC0-301F-11D3-BF4B-00C04F79EFBC}") = "square_move", "square_move.csproj", "{975A5337-54D4-4797-B4F2-C1DA53BE5690}"
EndProject
Global
	GlobalSection(SolutionConfigurationPlatforms) = preSolution
		Debug|Any CPU = Debug|Any CPU
		Release|Any CPU = Release|Any CPU
	EndGlobalSection
	GlobalSection(ProjectConfigurationPlatforms) = postSolution
		{975A5337-54D4-4797-B4F2-C1DA53BE5690}.Debug|Any CPU.ActiveCfg = Debug|Any CPU
		{975A5337-54D4-4797-B4F2-C1DA53BE5690}.Debug|Any CPU.Build.0 = Debug|Any CPU
		{975A5337-54D4-4797-B4F2-C1DA53BE5690}.Release|Any CPU.ActiveCfg = Release|Any CPU
		{975A5337-54D4-4797-B4F2-C1DA53BE5690}.Release|Any CPU.Build.0 = Release|Any CPU
	EndGlobalSection
	GlobalSection(SolutionProperties) = preSolution
		HideSolutionNode = FALSE
	EndGlobalSection
	GlobalSection(ExtensibilityGlobals) = postSolution
		SolutionGuid = {72579D1E-9CFB-403A-8F19-4340508A2E03}
	EndGlobalSection
EndGlobal
